
Microsoft Visual Studio Solution File, Format Version 12.00
# Visual Studio Version 17
VisualStudioVersion = 17.5.002.0
MinimumVisualStudioVersion = 10.0.40219.1
Project("{9A19103F-16F7-4668-BE54-9A1E7A4F7556}") = "summarize_video", "summarize_video.csproj", "{1C6344AE-09D9-4D92-883D-387395A6116E}"
EndProject
Global
	GlobalSection(SolutionConfigurationPlatforms) = preSolution
		Debug|Any CPU = Debug|Any CPU
		Release|Any CPU = Release|Any CPU
	EndGlobalSection
	GlobalSection(ProjectConfigurationPlatforms) = postSolution
		{1C6344AE-09D9-4D92-883D-387395A6116E}.Debug|Any CPU.ActiveCfg = Debug|Any CPU
		{1C6344AE-09D9-4D92-883D-387395A6116E}.Debug|Any CPU.Build.0 = Debug|Any CPU
		{1C6344AE-09D9-4D92-883D-387395A6116E}.Release|Any CPU.ActiveCfg = Release|Any CPU
		{1C6344AE-09D9-4D92-883D-387395A6116E}.Release|Any CPU.Build.0 = Release|Any CPU
	EndGlobalSection
	GlobalSection(SolutionProperties) = preSolution
		HideSolutionNode = FALSE
	EndGlobalSection
	GlobalSection(ExtensibilityGlobals) = postSolution
		SolutionGuid = {781CFAAD-F8AA-47C5-B6EF-D061C7084F6D}
	EndGlobalSection
EndGlobal
